
Microsoft Visual Studio Solution File, Format Version 12.00
# Visual Studio Version 17
VisualStudioVersion = 17.11.35312.102
MinimumVisualStudioVersion = 10.0.40219.1
Project("{FAE04EC0-301F-11D3-BF4B-00C04F79EFBC}") = "ClipboardManager", "ClipboardManager.csproj", "{B3317FC4-53E4-4A5E-A961-63B6016C6DFF}"
EndProject
Global
	GlobalSection(SolutionConfigurationPlatforms) = preSolution
		Debug|Any CPU = Debug|Any CPU
		Release|Any CPU = Release|Any CPU
	EndGlobalSection
	GlobalSection(ProjectConfigurationPlatforms) = postSolution
		{B3317FC4-53E4-4A5E-A961-63B6016C6DFF}.Debug|Any CPU.ActiveCfg = Debug|Any CPU
		{B3317FC4-53E4-4A5E-A961-63B6016C6DFF}.Debug|Any CPU.Build.0 = Debug|Any CPU
		{B3317FC4-53E4-4A5E-A961-63B6016C6DFF}.Release|Any CPU.ActiveCfg = Release|Any CPU
		{B3317FC4-53E4-4A5E-A961-63B6016C6DFF}.Release|Any CPU.Build.0 = Release|Any CPU
	EndGlobalSection
	GlobalSection(SolutionProperties) = preSolution
		HideSolutionNode = FALSE
	EndGlobalSection
	GlobalSection(ExtensibilityGlobals) = postSolution
		SolutionGuid = {60AA5FD6-7F4F-4CF2-9122-5D47D6D417BD}
	EndGlobalSection
EndGlobal
